// !$*UTF8*$!
{
	archiveVersion = 1;
	classes = {
	};
	objectVersion = 56;
	objects = {

/* Begin PBXBuildFile section */
		AC90C9322ACC9A9A004A6CD8 /* MarvelAppApp.swift in Sources */ = {isa = PBXBuildFile; fileRef = AC90C9312ACC9A9A004A6CD8 /* MarvelAppApp.swift */; };
		AC90C9362ACC9A9B004A6CD8 /* Assets.xcassets in Resources */ = {isa = PBXBuildFile; fileRef = AC90C9352ACC9A9B004A6CD8 /* Assets.xcassets */; };
		AC90C9392ACC9A9B004A6CD8 /* Preview Assets.xcassets in Resources */ = {isa = PBXBuildFile; fileRef = AC90C9382ACC9A9B004A6CD8 /* Preview Assets.xcassets */; };
		AC90C9412ACC9AED004A6CD8 /* Lottie in Frameworks */ = {isa = PBXBuildFile; productRef = AC90C9402ACC9AED004A6CD8 /* Lottie */; };
		AC90C9442ACC9BEF004A6CD8 /* marvelAnimation.json in Resources */ = {isa = PBXBuildFile; fileRef = AC90C9432ACC9BEF004A6CD8 /* marvelAnimation.json */; };
		AC90C9472ACC9C32004A6CD8 /* MarvelAnimationView.swift in Sources */ = {isa = PBXBuildFile; fileRef = AC90C9462ACC9C32004A6CD8 /* MarvelAnimationView.swift */; };
		AC90C94A2ACC9D44004A6CD8 /* SplashScreen.swift in Sources */ = {isa = PBXBuildFile; fileRef = AC90C9492ACC9D44004A6CD8 /* SplashScreen.swift */; };
		AC90C94D2ACCA20E004A6CD8 /* HomeView.swift in Sources */ = {isa = PBXBuildFile; fileRef = AC90C94C2ACCA20E004A6CD8 /* HomeView.swift */; };
		ACD2B74B2ACE05E800D36613 /* HomeViewModel.swift in Sources */ = {isa = PBXBuildFile; fileRef = ACD2B74A2ACE05E800D36613 /* HomeViewModel.swift */; };
		ACD2B74E2ACE1CE900D36613 /* Characters.swift in Sources */ = {isa = PBXBuildFile; fileRef = ACD2B74D2ACE1CE900D36613 /* Characters.swift */; };
		ACD2B7512ACF644600D36613 /* HomeAPI.swift in Sources */ = {isa = PBXBuildFile; fileRef = ACD2B7502ACF644500D36613 /* HomeAPI.swift */; };
		ACD2B7542ACF64D600D36613 /* Marvel.swift in Sources */ = {isa = PBXBuildFile; fileRef = ACD2B7532ACF64D600D36613 /* Marvel.swift */; };
		ACD2B7562ACF650E00D36613 /* MarvelResult.swift in Sources */ = {isa = PBXBuildFile; fileRef = ACD2B7552ACF650E00D36613 /* MarvelResult.swift */; };
		ACD2B7582ACF656E00D36613 /* CharacterThumbnail.swift in Sources */ = {isa = PBXBuildFile; fileRef = ACD2B7572ACF656E00D36613 /* CharacterThumbnail.swift */; };
		ACD2B75A2ACF664900D36613 /* CharactersComics.swift in Sources */ = {isa = PBXBuildFile; fileRef = ACD2B7592ACF664900D36613 /* CharactersComics.swift */; };
		ACD2B75C2ACF667300D36613 /* CharactersSeries.swift in Sources */ = {isa = PBXBuildFile; fileRef = ACD2B75B2ACF667300D36613 /* CharactersSeries.swift */; };
		ACD2B75F2ACF673900D36613 /* MarvelConfig.swift in Sources */ = {isa = PBXBuildFile; fileRef = ACD2B75E2ACF673900D36613 /* MarvelConfig.swift */; };
		ACD2B7612ACF699B00D36613 /* MarvelError.swift in Sources */ = {isa = PBXBuildFile; fileRef = ACD2B7602ACF699B00D36613 /* MarvelError.swift */; };
		ACD2B7652AD0657900D36613 /* UIImageExtension.swift in Sources */ = {isa = PBXBuildFile; fileRef = ACD2B7642AD0657900D36613 /* UIImageExtension.swift */; };
		ACD2B7672AD0660700D36613 /* ImageCacheSingleton.swift in Sources */ = {isa = PBXBuildFile; fileRef = ACD2B7662AD0660700D36613 /* ImageCacheSingleton.swift */; };
/* End PBXBuildFile section */

/* Begin PBXFileReference section */
		AC90C92E2ACC9A9A004A6CD8 /* MarvelApp.app */ = {isa = PBXFileReference; explicitFileType = wrapper.application; includeInIndex = 0; path = MarvelApp.app; sourceTree = BUILT_PRODUCTS_DIR; };
		AC90C9312ACC9A9A004A6CD8 /* MarvelAppApp.swift */ = {isa = PBXFileReference; lastKnownFileType = sourcecode.swift; path = MarvelAppApp.swift; sourceTree = "<group>"; };
		AC90C9352ACC9A9B004A6CD8 /* Assets.xcassets */ = {isa = PBXFileReference; lastKnownFileType = folder.assetcatalog; path = Assets.xcassets; sourceTree = "<group>"; };
		AC90C9382ACC9A9B004A6CD8 /* Preview Assets.xcassets */ = {isa = PBXFileReference; lastKnownFileType = folder.assetcatalog; path = "Preview Assets.xcassets"; sourceTree = "<group>"; };
		AC90C9432ACC9BEF004A6CD8 /* marvelAnimation.json */ = {isa = PBXFileReference; fileEncoding = 4; lastKnownFileType = text.json; path = marvelAnimation.json; sourceTree = "<group>"; };
		AC90C9462ACC9C32004A6CD8 /* MarvelAnimationView.swift */ = {isa = PBXFileReference; lastKnownFileType = sourcecode.swift; path = MarvelAnimationView.swift; sourceTree = "<group>"; };
		AC90C9492ACC9D44004A6CD8 /* SplashScreen.swift */ = {isa = PBXFileReference; lastKnownFileType = sourcecode.swift; path = SplashScreen.swift; sourceTree = "<group>"; };
		AC90C94C2ACCA20E004A6CD8 /* HomeView.swift */ = {isa = PBXFileReference; lastKnownFileType = sourcecode.swift; path = HomeView.swift; sourceTree = "<group>"; };
		ACD2B74A2ACE05E800D36613 /* HomeViewModel.swift */ = {isa = PBXFileReference; lastKnownFileType = sourcecode.swift; path = HomeViewModel.swift; sourceTree = "<group>"; };
		ACD2B74D2ACE1CE900D36613 /* Characters.swift */ = {isa = PBXFileReference; lastKnownFileType = sourcecode.swift; path = Characters.swift; sourceTree = "<group>"; };
		ACD2B7502ACF644500D36613 /* HomeAPI.swift */ = {isa = PBXFileReference; lastKnownFileType = sourcecode.swift; path = HomeAPI.swift; sourceTree = "<group>"; };
		ACD2B7532ACF64D600D36613 /* Marvel.swift */ = {isa = PBXFileReference; lastKnownFileType = sourcecode.swift; path = Marvel.swift; sourceTree = "<group>"; };
		ACD2B7552ACF650E00D36613 /* MarvelResult.swift */ = {isa = PBXFileReference; lastKnownFileType = sourcecode.swift; path = MarvelResult.swift; sourceTree = "<group>"; };
		ACD2B7572ACF656E00D36613 /* CharacterThumbnail.swift */ = {isa = PBXFileReference; lastKnownFileType = sourcecode.swift; path = CharacterThumbnail.swift; sourceTree = "<group>"; };
		ACD2B7592ACF664900D36613 /* CharactersComics.swift */ = {isa = PBXFileReference; lastKnownFileType = sourcecode.swift; path = CharactersComics.swift; sourceTree = "<group>"; };
		ACD2B75B2ACF667300D36613 /* CharactersSeries.swift */ = {isa = PBXFileReference; lastKnownFileType = sourcecode.swift; path = CharactersSeries.swift; sourceTree = "<group>"; };
		ACD2B75E2ACF673900D36613 /* MarvelConfig.swift */ = {isa = PBXFileReference; lastKnownFileType = sourcecode.swift; path = MarvelConfig.swift; sourceTree = "<group>"; };
		ACD2B7602ACF699B00D36613 /* MarvelError.swift */ = {isa = PBXFileReference; lastKnownFileType = sourcecode.swift; path = MarvelError.swift; sourceTree = "<group>"; };
		ACD2B7622ACF7DC600D36613 /* Info.plist */ = {isa = PBXFileReference; lastKnownFileType = text.plist; path = Info.plist; sourceTree = "<group>"; };
		ACD2B7642AD0657900D36613 /* UIImageExtension.swift */ = {isa = PBXFileReference; lastKnownFileType = sourcecode.swift; path = UIImageExtension.swift; sourceTree = "<group>"; };
		ACD2B7662AD0660700D36613 /* ImageCacheSingleton.swift */ = {isa = PBXFileReference; lastKnownFileType = sourcecode.swift; path = ImageCacheSingleton.swift; sourceTree = "<group>"; };
/* End PBXFileReference section */

/* Begin PBXFrameworksBuildPhase section */
		AC90C92B2ACC9A9A004A6CD8 /* Frameworks */ = {
			isa = PBXFrameworksBuildPhase;
			buildActionMask = 2147483647;
			files = (
				AC90C9412ACC9AED004A6CD8 /* Lottie in Frameworks */,
			);
			runOnlyForDeploymentPostprocessing = 0;
		};
/* End PBXFrameworksBuildPhase section */

/* Begin PBXGroup section */
		AC90C9252ACC9A9A004A6CD8 = {
			isa = PBXGroup;
			children = (
				AC90C9302ACC9A9A004A6CD8 /* MarvelApp */,
				AC90C92F2ACC9A9A004A6CD8 /* Products */,
			);
			sourceTree = "<group>";
		};
		AC90C92F2ACC9A9A004A6CD8 /* Products */ = {
			isa = PBXGroup;
			children = (
				AC90C92E2ACC9A9A004A6CD8 /* MarvelApp.app */,
			);
			name = Products;
			sourceTree = "<group>";
		};
		AC90C9302ACC9A9A004A6CD8 /* MarvelApp */ = {
			isa = PBXGroup;
			children = (
				ACD2B7632AD0656E00D36613 /* Extension */,
				ACD2B7622ACF7DC600D36613 /* Info.plist */,
				ACD2B75D2ACF673500D36613 /* Utils */,
				AC90C94B2ACCA1EB004A6CD8 /* Home */,
				AC90C9482ACC9D2C004A6CD8 /* SplashScreen */,
				AC90C9452ACC9C26004A6CD8 /* Lottie */,
				AC90C9422ACC9BD8004A6CD8 /* LottieJSON */,
				AC90C9312ACC9A9A004A6CD8 /* MarvelAppApp.swift */,
				AC90C9352ACC9A9B004A6CD8 /* Assets.xcassets */,
				AC90C9372ACC9A9B004A6CD8 /* Preview Content */,
			);
			path = MarvelApp;
			sourceTree = "<group>";
		};
		AC90C9372ACC9A9B004A6CD8 /* Preview Content */ = {
			isa = PBXGroup;
			children = (
				AC90C9382ACC9A9B004A6CD8 /* Preview Assets.xcassets */,
			);
			path = "Preview Content";
			sourceTree = "<group>";
		};
		AC90C9422ACC9BD8004A6CD8 /* LottieJSON */ = {
			isa = PBXGroup;
			children = (
				AC90C9432ACC9BEF004A6CD8 /* marvelAnimation.json */,
			);
			path = LottieJSON;
			sourceTree = "<group>";
		};
		AC90C9452ACC9C26004A6CD8 /* Lottie */ = {
			isa = PBXGroup;
			children = (
				AC90C9462ACC9C32004A6CD8 /* MarvelAnimationView.swift */,
			);
			path = Lottie;
			sourceTree = "<group>";
		};
		AC90C9482ACC9D2C004A6CD8 /* SplashScreen */ = {
			isa = PBXGroup;
			children = (
				AC90C9492ACC9D44004A6CD8 /* SplashScreen.swift */,
			);
			path = SplashScreen;
			sourceTree = "<group>";
		};
		AC90C94B2ACCA1EB004A6CD8 /* Home */ = {
			isa = PBXGroup;
			children = (
				ACD2B74F2ACF237A00D36613 /* API */,
				ACD2B74C2ACE1CD600D36613 /* Model */,
				ACD2B7492ACE05D200D36613 /* ViewModel */,
				ACD2B7482ACE052200D36613 /* View */,
			);
			path = Home;
			sourceTree = "<group>";
		};
		ACD2B7482ACE052200D36613 /* View */ = {
			isa = PBXGroup;
			children = (
				AC90C94C2ACCA20E004A6CD8 /* HomeView.swift */,
			);
			path = View;
			sourceTree = "<group>";
		};
		ACD2B7492ACE05D200D36613 /* ViewModel */ = {
			isa = PBXGroup;
			children = (
				ACD2B74A2ACE05E800D36613 /* HomeViewModel.swift */,
			);
			path = ViewModel;
			sourceTree = "<group>";
		};
		ACD2B74C2ACE1CD600D36613 /* Model */ = {
			isa = PBXGroup;
			children = (
				ACD2B74D2ACE1CE900D36613 /* Characters.swift */,
				ACD2B7532ACF64D600D36613 /* Marvel.swift */,
				ACD2B7552ACF650E00D36613 /* MarvelResult.swift */,
				ACD2B7572ACF656E00D36613 /* CharacterThumbnail.swift */,
				ACD2B7592ACF664900D36613 /* CharactersComics.swift */,
				ACD2B75B2ACF667300D36613 /* CharactersSeries.swift */,
			);
			path = Model;
			sourceTree = "<group>";
		};
		ACD2B74F2ACF237A00D36613 /* API */ = {
			isa = PBXGroup;
			children = (
				ACD2B7502ACF644500D36613 /* HomeAPI.swift */,
			);
			path = API;
			sourceTree = "<group>";
		};
		ACD2B75D2ACF673500D36613 /* Utils */ = {
			isa = PBXGroup;
			children = (
				ACD2B75E2ACF673900D36613 /* MarvelConfig.swift */,
				ACD2B7602ACF699B00D36613 /* MarvelError.swift */,
				ACD2B7662AD0660700D36613 /* ImageCacheSingleton.swift */,
			);
			path = Utils;
			sourceTree = "<group>";
		};
		ACD2B7632AD0656E00D36613 /* Extension */ = {
			isa = PBXGroup;
			children = (
				ACD2B7642AD0657900D36613 /* UIImageExtension.swift */,
			);
			path = Extension;
			sourceTree = "<group>";
		};
/* End PBXGroup section */

/* Begin PBXNativeTarget section */
		AC90C92D2ACC9A9A004A6CD8 /* MarvelApp */ = {
			isa = PBXNativeTarget;
			buildConfigurationList = AC90C93C2ACC9A9B004A6CD8 /* Build configuration list for PBXNativeTarget "MarvelApp" */;
			buildPhases = (
				AC90C92A2ACC9A9A004A6CD8 /* Sources */,
				AC90C92B2ACC9A9A004A6CD8 /* Frameworks */,
				AC90C92C2ACC9A9A004A6CD8 /* Resources */,
			);
			buildRules = (
			);
			dependencies = (
			);
			name = MarvelApp;
			packageProductDependencies = (
				AC90C9402ACC9AED004A6CD8 /* Lottie */,
			);
			productName = MarvelApp;
			productReference = AC90C92E2ACC9A9A004A6CD8 /* MarvelApp.app */;
			productType = "com.apple.product-type.application";
		};
/* End PBXNativeTarget section */

/* Begin PBXProject section */
		AC90C9262ACC9A9A004A6CD8 /* Project object */ = {
			isa = PBXProject;
			attributes = {
				BuildIndependentTargetsInParallel = 1;
				LastSwiftUpdateCheck = 1410;
				LastUpgradeCheck = 1410;
				TargetAttributes = {
					AC90C92D2ACC9A9A004A6CD8 = {
						CreatedOnToolsVersion = 14.1;
					};
				};
			};
			buildConfigurationList = AC90C9292ACC9A9A004A6CD8 /* Build configuration list for PBXProject "MarvelApp" */;
			compatibilityVersion = "Xcode 14.0";
			developmentRegion = en;
			hasScannedForEncodings = 0;
			knownRegions = (
				en,
				Base,
			);
			mainGroup = AC90C9252ACC9A9A004A6CD8;
			packageReferences = (
				AC90C93F2ACC9AEC004A6CD8 /* XCRemoteSwiftPackageReference "lottie-ios" */,
			);
			productRefGroup = AC90C92F2ACC9A9A004A6CD8 /* Products */;
			projectDirPath = "";
			projectRoot = "";
			targets = (
				AC90C92D2ACC9A9A004A6CD8 /* MarvelApp */,
			);
		};
/* End PBXProject section */

/* Begin PBXResourcesBuildPhase section */
		AC90C92C2ACC9A9A004A6CD8 /* Resources */ = {
			isa = PBXResourcesBuildPhase;
			buildActionMask = 2147483647;
			files = (
				AC90C9392ACC9A9B004A6CD8 /* Preview Assets.xcassets in Resources */,
				AC90C9362ACC9A9B004A6CD8 /* Assets.xcassets in Resources */,
				AC90C9442ACC9BEF004A6CD8 /* marvelAnimation.json in Resources */,
			);
			runOnlyForDeploymentPostprocessing = 0;
		};
/* End PBXResourcesBuildPhase section */

/* Begin PBXSourcesBuildPhase section */
		AC90C92A2ACC9A9A004A6CD8 /* Sources */ = {
			isa = PBXSourcesBuildPhase;
			buildActionMask = 2147483647;
			files = (
				ACD2B7562ACF650E00D36613 /* MarvelResult.swift in Sources */,
				ACD2B75A2ACF664900D36613 /* CharactersComics.swift in Sources */,
				ACD2B7512ACF644600D36613 /* HomeAPI.swift in Sources */,
				AC90C94A2ACC9D44004A6CD8 /* SplashScreen.swift in Sources */,
				AC90C94D2ACCA20E004A6CD8 /* HomeView.swift in Sources */,
				AC90C9472ACC9C32004A6CD8 /* MarvelAnimationView.swift in Sources */,
				ACD2B74B2ACE05E800D36613 /* HomeViewModel.swift in Sources */,
				ACD2B7582ACF656E00D36613 /* CharacterThumbnail.swift in Sources */,
				ACD2B7652AD0657900D36613 /* UIImageExtension.swift in Sources */,
				ACD2B75C2ACF667300D36613 /* CharactersSeries.swift in Sources */,
				AC90C9322ACC9A9A004A6CD8 /* MarvelAppApp.swift in Sources */,
				ACD2B75F2ACF673900D36613 /* MarvelConfig.swift in Sources */,
				ACD2B7542ACF64D600D36613 /* Marvel.swift in Sources */,
				ACD2B74E2ACE1CE900D36613 /* Characters.swift in Sources */,
				ACD2B7672AD0660700D36613 /* ImageCacheSingleton.swift in Sources */,
				ACD2B7612ACF699B00D36613 /* MarvelError.swift in Sources */,
			);
			runOnlyForDeploymentPostprocessing = 0;
		};
/* End PBXSourcesBuildPhase section */

/* Begin XCBuildConfiguration section */
		AC90C93A2ACC9A9B004A6CD8 /* Debug */ = {
			isa = XCBuildConfiguration;
			buildSettings = {
				ALWAYS_SEARCH_USER_PATHS = NO;
				CLANG_ANALYZER_NONNULL = YES;
				CLANG_ANALYZER_NUMBER_OBJECT_CONVERSION = YES_AGGRESSIVE;
				CLANG_CXX_LANGUAGE_STANDARD = "gnu++20";
				CLANG_ENABLE_MODULES = YES;
				CLANG_ENABLE_OBJC_ARC = YES;
				CLANG_ENABLE_OBJC_WEAK = YES;
				CLANG_WARN_BLOCK_CAPTURE_AUTORELEASING = YES;
				CLANG_WARN_BOOL_CONVERSION = YES;
				CLANG_WARN_COMMA = YES;
				CLANG_WARN_CONSTANT_CONVERSION = YES;
				CLANG_WARN_DEPRECATED_OBJC_IMPLEMENTATIONS = YES;
				CLANG_WARN_DIRECT_OBJC_ISA_USAGE = YES_ERROR;
				CLANG_WARN_DOCUMENTATION_COMMENTS = YES;
				CLANG_WARN_EMPTY_BODY = YES;
				CLANG_WARN_ENUM_CONVERSION = YES;
				CLANG_WARN_INFINITE_RECURSION = YES;
				CLANG_WARN_INT_CONVERSION = YES;
				CLANG_WARN_NON_LITERAL_NULL_CONVERSION = YES;
				CLANG_WARN_OBJC_IMPLICIT_RETAIN_SELF = YES;
				CLANG_WARN_OBJC_LITERAL_CONVERSION = YES;
				CLANG_WARN_OBJC_ROOT_CLASS = YES_ERROR;
				CLANG_WARN_QUOTED_INCLUDE_IN_FRAMEWORK_HEADER = YES;
				CLANG_WARN_RANGE_LOOP_ANALYSIS = YES;
				CLANG_WARN_STRICT_PROTOTYPES = YES;
				CLANG_WARN_SUSPICIOUS_MOVE = YES;
				CLANG_WARN_UNGUARDED_AVAILABILITY = YES_AGGRESSIVE;
				CLANG_WARN_UNREACHABLE_CODE = YES;
				CLANG_WARN__DUPLICATE_METHOD_MATCH = YES;
				COPY_PHASE_STRIP = NO;
				DEBUG_INFORMATION_FORMAT = dwarf;
				ENABLE_STRICT_OBJC_MSGSEND = YES;
				ENABLE_TESTABILITY = YES;
				GCC_C_LANGUAGE_STANDARD = gnu11;
				GCC_DYNAMIC_NO_PIC = NO;
				GCC_NO_COMMON_BLOCKS = YES;
				GCC_OPTIMIZATION_LEVEL = 0;
				GCC_PREPROCESSOR_DEFINITIONS = (
					"DEBUG=1",
					"$(inherited)",
				);
				GCC_WARN_64_TO_32_BIT_CONVERSION = YES;
				GCC_WARN_ABOUT_RETURN_TYPE = YES_ERROR;
				GCC_WARN_UNDECLARED_SELECTOR = YES;
				GCC_WARN_UNINITIALIZED_AUTOS = YES_AGGRESSIVE;
				GCC_WARN_UNUSED_FUNCTION = YES;
				GCC_WARN_UNUSED_VARIABLE = YES;
				IPHONEOS_DEPLOYMENT_TARGET = 16.1;
				MTL_ENABLE_DEBUG_INFO = INCLUDE_SOURCE;
				MTL_FAST_MATH = YES;
				ONLY_ACTIVE_ARCH = YES;
				SDKROOT = iphoneos;
				SWIFT_ACTIVE_COMPILATION_CONDITIONS = DEBUG;
				SWIFT_OPTIMIZATION_LEVEL = "-Onone";
			};
			name = Debug;
		};
		AC90C93B2ACC9A9B004A6CD8 /* Release */ = {
			isa = XCBuildConfiguration;
			buildSettings = {
				ALWAYS_SEARCH_USER_PATHS = NO;
				CLANG_ANALYZER_NONNULL = YES;
				CLANG_ANALYZER_NUMBER_OBJECT_CONVERSION = YES_AGGRESSIVE;
				CLANG_CXX_LANGUAGE_STANDARD = "gnu++20";
				CLANG_ENABLE_MODULES = YES;
				CLANG_ENABLE_OBJC_ARC = YES;
				CLANG_ENABLE_OBJC_WEAK = YES;
				CLANG_WARN_BLOCK_CAPTURE_AUTORELEASING = YES;
				CLANG_WARN_BOOL_CONVERSION = YES;
				CLANG_WARN_COMMA = YES;
				CLANG_WARN_CONSTANT_CONVERSION = YES;
				CLANG_WARN_DEPRECATED_OBJC_IMPLEMENTATIONS = YES;
				CLANG_WARN_DIRECT_OBJC_ISA_USAGE = YES_ERROR;
				CLANG_WARN_DOCUMENTATION_COMMENTS = YES;
				CLANG_WARN_EMPTY_BODY = YES;
				CLANG_WARN_ENUM_CONVERSION = YES;
				CLANG_WARN_INFINITE_RECURSION = YES;
				CLANG_WARN_INT_CONVERSION = YES;
				CLANG_WARN_NON_LITERAL_NULL_CONVERSION = YES;
				CLANG_WARN_OBJC_IMPLICIT_RETAIN_SELF = YES;
				CLANG_WARN_OBJC_LITERAL_CONVERSION = YES;
				CLANG_WARN_OBJC_ROOT_CLASS = YES_ERROR;
				CLANG_WARN_QUOTED_INCLUDE_IN_FRAMEWORK_HEADER = YES;
				CLANG_WARN_RANGE_LOOP_ANALYSIS = YES;
				CLANG_WARN_STRICT_PROTOTYPES = YES;
				CLANG_WARN_SUSPICIOUS_MOVE = YES;
				CLANG_WARN_UNGUARDED_AVAILABILITY = YES_AGGRESSIVE;
				CLANG_WARN_UNREACHABLE_CODE = YES;
				CLANG_WARN__DUPLICATE_METHOD_MATCH = YES;
				COPY_PHASE_STRIP = NO;
				DEBUG_INFORMATION_FORMAT = "dwarf-with-dsym";
				ENABLE_NS_ASSERTIONS = NO;
				ENABLE_STRICT_OBJC_MSGSEND = YES;
				GCC_C_LANGUAGE_STANDARD = gnu11;
				GCC_NO_COMMON_BLOCKS = YES;
				GCC_WARN_64_TO_32_BIT_CONVERSION = YES;
				GCC_WARN_ABOUT_RETURN_TYPE = YES_ERROR;
				GCC_WARN_UNDECLARED_SELECTOR = YES;
				GCC_WARN_UNINITIALIZED_AUTOS = YES_AGGRESSIVE;
				GCC_WARN_UNUSED_FUNCTION = YES;
				GCC_WARN_UNUSED_VARIABLE = YES;
				IPHONEOS_DEPLOYMENT_TARGET = 16.1;
				MTL_ENABLE_DEBUG_INFO = NO;
				MTL_FAST_MATH = YES;
				SDKROOT = iphoneos;
				SWIFT_COMPILATION_MODE = wholemodule;
				SWIFT_OPTIMIZATION_LEVEL = "-O";
				VALIDATE_PRODUCT = YES;
			};
			name = Release;
		};
		AC90C93D2ACC9A9B004A6CD8 /* Debug */ = {
			isa = XCBuildConfiguration;
			buildSettings = {
				ASSETCATALOG_COMPILER_APPICON_NAME = AppIcon;
				ASSETCATALOG_COMPILER_GLOBAL_ACCENT_COLOR_NAME = AccentColor;
				CODE_SIGN_STYLE = Automatic;
				CURRENT_PROJECT_VERSION = 1;
				DEVELOPMENT_ASSET_PATHS = "\"MarvelApp/Preview Content\"";
				DEVELOPMENT_TEAM = CLY953GRW8;
				ENABLE_PREVIEWS = YES;
				GENERATE_INFOPLIST_FILE = YES;
				INFOPLIST_FILE = MarvelApp/Info.plist;
				INFOPLIST_KEY_UIApplicationSceneManifest_Generation = YES;
				INFOPLIST_KEY_UIApplicationSupportsIndirectInputEvents = YES;
				INFOPLIST_KEY_UILaunchScreen_Generation = YES;
				INFOPLIST_KEY_UISupportedInterfaceOrientations_iPad = "UIInterfaceOrientationPortrait UIInterfaceOrientationPortraitUpsideDown UIInterfaceOrientationLandscapeLeft UIInterfaceOrientationLandscapeRight";
				INFOPLIST_KEY_UISupportedInterfaceOrientations_iPhone = "UIInterfaceOrientationPortrait UIInterfaceOrientationLandscapeLeft UIInterfaceOrientationLandscapeRight";
				IPHONEOS_DEPLOYMENT_TARGET = 15.0;
				LD_RUNPATH_SEARCH_PATHS = (
					"$(inherited)",
					"@executable_path/Frameworks",
				);
				MARKETING_VERSION = 1.0;
				PRODUCT_BUNDLE_IDENTIFIER = com.co.juancompany.MarvelApp;
				PRODUCT_NAME = "$(TARGET_NAME)";
				SWIFT_EMIT_LOC_STRINGS = YES;
				SWIFT_VERSION = 5.0;
				TARGETED_DEVICE_FAMILY = "1,2";
			};
			name = Debug;
		};
		AC90C93E2ACC9A9B004A6CD8 /* Release */ = {
			isa = XCBuildConfiguration;
			buildSettings = {
				ASSETCATALOG_COMPILER_APPICON_NAME = AppIcon;
				ASSETCATALOG_COMPILER_GLOBAL_ACCENT_COLOR_NAME = AccentColor;
				CODE_SIGN_STYLE = Automatic;
				CURRENT_PROJECT_VERSION = 1;
				DEVELOPMENT_ASSET_PATHS = "\"MarvelApp/Preview Content\"";
				DEVELOPMENT_TEAM = CLY953GRW8;
				ENABLE_PREVIEWS = YES;
				GENERATE_INFOPLIST_FILE = YES;
				INFOPLIST_FILE = MarvelApp/Info.plist;
				INFOPLIST_KEY_UIApplicationSceneManifest_Generation = YES;
				INFOPLIST_KEY_UIApplicationSupportsIndirectInputEvents = YES;
				INFOPLIST_KEY_UILaunchScreen_Generation = YES;
				INFOPLIST_KEY_UISupportedInterfaceOrientations_iPad = "UIInterfaceOrientationPortrait UIInterfaceOrientationPortraitUpsideDown UIInterfaceOrientationLandscapeLeft UIInterfaceOrientationLandscapeRight";
				INFOPLIST_KEY_UISupportedInterfaceOrientations_iPhone = "UIInterfaceOrientationPortrait UIInterfaceOrientationLandscapeLeft UIInterfaceOrientationLandscapeRight";
				IPHONEOS_DEPLOYMENT_TARGET = 15.0;
				LD_RUNPATH_SEARCH_PATHS = (
					"$(inherited)",
					"@executable_path/Frameworks",
				);
				MARKETING_VERSION = 1.0;
				PRODUCT_BUNDLE_IDENTIFIER = com.co.juancompany.MarvelApp;
				PRODUCT_NAME = "$(TARGET_NAME)";
				SWIFT_EMIT_LOC_STRINGS = YES;
				SWIFT_VERSION = 5.0;
				TARGETED_DEVICE_FAMILY = "1,2";
			};
			name = Release;
		};
/* End XCBuildConfiguration section */

/* Begin XCConfigurationList section */
		AC90C9292ACC9A9A004A6CD8 /* Build configuration list for PBXProject "MarvelApp" */ = {
			isa = XCConfigurationList;
			buildConfigurations = (
				AC90C93A2ACC9A9B004A6CD8 /* Debug */,
				AC90C93B2ACC9A9B004A6CD8 /* Release */,
			);
			defaultConfigurationIsVisible = 0;
			defaultConfigurationName = Release;
		};
		AC90C93C2ACC9A9B004A6CD8 /* Build configuration list for PBXNativeTarget "MarvelApp" */ = {
			isa = XCConfigurationList;
			buildConfigurations = (
				AC90C93D2ACC9A9B004A6CD8 /* Debug */,
				AC90C93E2ACC9A9B004A6CD8 /* Release */,
			);
			defaultConfigurationIsVisible = 0;
			defaultConfigurationName = Release;
		};
/* End XCConfigurationList section */

/* Begin XCRemoteSwiftPackageReference section */
		AC90C93F2ACC9AEC004A6CD8 /* XCRemoteSwiftPackageReference "lottie-ios" */ = {
			isa = XCRemoteSwiftPackageReference;
			repositoryURL = "https://github.com/airbnb/lottie-ios.git";
			requirement = {
				kind = upToNextMajorVersion;
				minimumVersion = 4.0.0;
			};
		};
/* End XCRemoteSwiftPackageReference section */

/* Begin XCSwiftPackageProductDependency section */
		AC90C9402ACC9AED004A6CD8 /* Lottie */ = {
			isa = XCSwiftPackageProductDependency;
			package = AC90C93F2ACC9AEC004A6CD8 /* XCRemoteSwiftPackageReference "lottie-ios" */;
			productName = Lottie;
		};
/* End XCSwiftPackageProductDependency section */
	};
	rootObject = AC90C9262ACC9A9A004A6CD8 /* Project object */;
}
